
Microsoft Visual Studio Solution File, Format Version 12.00
# Visual Studio Version 16
VisualStudioVersion = 16.0.31410.357
MinimumVisualStudioVersion = 10.0.40219.1
Project("{2150E333-8FDC-42A3-9474-1A3956D46DE8}") = "src", "src", "{0FF21E75-7363-491A-A11B-201E296AD28D}"
EndProject
Project("{FAE04EC0-301F-11D3-BF4B-00C04F79EFBC}") = "SalesMvc.Web", "src\SalesMvc.Web\SalesMvc.Web.csproj", "{6CC61875-ED91-4714-95C7-6A1D5B45698B}"
EndProject
Global
	GlobalSection(SolutionConfigurationPlatforms) = preSolution
		Debug|Any CPU = Debug|Any CPU
		Release|Any CPU = Release|Any CPU
	EndGlobalSection
	GlobalSection(ProjectConfigurationPlatforms) = postSolution
		{6CC61875-ED91-4714-95C7-6A1D5B45698B}.Debug|Any CPU.ActiveCfg = Debug|Any CPU
		{6CC61875-ED91-4714-95C7-6A1D5B45698B}.Debug|Any CPU.Build.0 = Debug|Any CPU
		{6CC61875-ED91-4714-95C7-6A1D5B45698B}.Release|Any CPU.ActiveCfg = Release|Any CPU
		{6CC61875-ED91-4714-95C7-6A1D5B45698B}.Release|Any CPU.Build.0 = Release|Any CPU
	EndGlobalSection
	GlobalSection(SolutionProperties) = preSolution
		HideSolutionNode = FALSE
	EndGlobalSection
	GlobalSection(NestedProjects) = preSolution
		{6CC61875-ED91-4714-95C7-6A1D5B45698B} = {0FF21E75-7363-491A-A11B-201E296AD28D}
	EndGlobalSection
	GlobalSection(ExtensibilityGlobals) = postSolution
		SolutionGuid = {10E52062-1AAF-40E5-966E-A2ED821B815E}
	EndGlobalSection
EndGlobal
