
Microsoft Visual Studio Solution File, Format Version 12.00
# Visual Studio Version 17
VisualStudioVersion = 17.3.32728.150
MinimumVisualStudioVersion = 10.0.40219.1
Project("{2150E333-8FDC-42A3-9474-1A3956D46DE8}") = "src", "src", "{0FF21E75-7363-491A-A11B-201E296AD28D}"
EndProject
Project("{9A19103F-16F7-4668-BE54-9A1E7A4F7556}") = "SalesMvc.Web", "src\SalesMvc.Web\SalesMvc.Web.csproj", "{6CC61875-ED91-4714-95C7-6A1D5B45698B}"
EndProject
Project("{2150E333-8FDC-42A3-9474-1A3956D46DE8}") = "test", "test", "{F2C90AC7-101E-4966-A614-0DA115B1413C}"
EndProject
Project("{FAE04EC0-301F-11D3-BF4B-00C04F79EFBC}") = "SalesWebMvc.Test", "test\SalesWebMvc.Test\SalesWebMvc.Test.csproj", "{73DB6111-68F3-4D71-8B6E-B83EB7EC8959}"
EndProject
Global
	GlobalSection(SolutionConfigurationPlatforms) = preSolution
		Debug|Any CPU = Debug|Any CPU
		Release|Any CPU = Release|Any CPU
	EndGlobalSection
	GlobalSection(ProjectConfigurationPlatforms) = postSolution
		{6CC61875-ED91-4714-95C7-6A1D5B45698B}.Debug|Any CPU.ActiveCfg = Debug|Any CPU
		{6CC61875-ED91-4714-95C7-6A1D5B45698B}.Debug|Any CPU.Build.0 = Debug|Any CPU
		{6CC61875-ED91-4714-95C7-6A1D5B45698B}.Release|Any CPU.ActiveCfg = Release|Any CPU
		{6CC61875-ED91-4714-95C7-6A1D5B45698B}.Release|Any CPU.Build.0 = Release|Any CPU
		{73DB6111-68F3-4D71-8B6E-B83EB7EC8959}.Debug|Any CPU.ActiveCfg = Debug|Any CPU
		{73DB6111-68F3-4D71-8B6E-B83EB7EC8959}.Debug|Any CPU.Build.0 = Debug|Any CPU
		{73DB6111-68F3-4D71-8B6E-B83EB7EC8959}.Release|Any CPU.ActiveCfg = Release|Any CPU
		{73DB6111-68F3-4D71-8B6E-B83EB7EC8959}.Release|Any CPU.Build.0 = Release|Any CPU
	EndGlobalSection
	GlobalSection(SolutionProperties) = preSolution
		HideSolutionNode = FALSE
	EndGlobalSection
	GlobalSection(NestedProjects) = preSolution
		{6CC61875-ED91-4714-95C7-6A1D5B45698B} = {0FF21E75-7363-491A-A11B-201E296AD28D}
		{73DB6111-68F3-4D71-8B6E-B83EB7EC8959} = {F2C90AC7-101E-4966-A614-0DA115B1413C}
	EndGlobalSection
	GlobalSection(ExtensibilityGlobals) = postSolution
		SolutionGuid = {10E52062-1AAF-40E5-966E-A2ED821B815E}
	EndGlobalSection
EndGlobal
